{
  "version": 4,
  "terraform_version": "1.7.3",
  "serial": 30,
  "lineage": "f26a59a5-64ba-059b-f916-4bedf668baba",
  "outputs": {},
  "resources": [
    {
      "mode": "managed",
      "type": "google_storage_bucket",
      "name": "fatima_furiosa_bucket",
      "provider": "provider[\"registry.terraform.io/hashicorp/google\"]",
      "instances": [
        {
          "schema_version": 1,
          "attributes": {
            "autoclass": [],
            "cors": [],
            "custom_placement_config": [],
            "default_event_based_hold": false,
            "effective_labels": {},
            "enable_object_retention": false,
            "encryption": [],
            "force_destroy": true,
            "id": "perrito-yorkie-enojon-storage-bucket",
            "labels": null,
            "lifecycle_rule": [],
            "location": "US",
            "logging": [],
            "name": "perrito-yorkie-enojon-storage-bucket",
            "project": "nicoavila-allpurpose",
            "public_access_prevention": "inherited",
            "requester_pays": false,
            "retention_policy": [],
            "rpo": "DEFAULT",
            "self_link": "https://www.googleapis.com/storage/v1/b/perrito-yorkie-enojon-storage-bucket",
            "storage_class": "STANDARD",
            "terraform_labels": {},
            "timeouts": null,
            "uniform_bucket_level_access": true,
            "url": "gs://perrito-yorkie-enojon-storage-bucket",
            "versioning": [],
            "website": []
          },
          "sensitive_attributes": [],
          "private": "eyJlMmJmYjczMC1lY2FhLTExZTYtOGY4OC0zNDM2M2JjN2M0YzAiOnsiY3JlYXRlIjo2MDAwMDAwMDAwMDAsInJlYWQiOjI0MDAwMDAwMDAwMCwidXBkYXRlIjoyNDAwMDAwMDAwMDB9LCJzY2hlbWFfdmVyc2lvbiI6IjEifQ=="
        }
      ]
    },
    {
      "mode": "managed",
      "type": "google_storage_bucket_object",
      "name": "fatima",
      "provider": "provider[\"registry.terraform.io/hashicorp/google\"]",
      "instances": [
        {
          "schema_version": 0,
          "attributes": {
            "bucket": "perrito-yorkie-enojon-storage-bucket",
            "cache_control": "",
            "content": null,
            "content_disposition": "",
            "content_encoding": "",
            "content_language": "",
            "content_type": "image/jpeg",
            "crc32c": "dwPMqQ==",
            "customer_encryption": [],
            "detect_md5hash": "pBpdZBjBo6bhjYdsSQPPIA==",
            "event_based_hold": false,
            "id": "perrito-yorkie-enojon-storage-bucket-fatima.jpg",
            "kms_key_name": "",
            "md5hash": "pBpdZBjBo6bhjYdsSQPPIA==",
            "media_link": "https://storage.googleapis.com/download/storage/v1/b/perrito-yorkie-enojon-storage-bucket/o/fatima.jpg?generation=1707577476365135\u0026alt=media",
            "metadata": null,
            "name": "fatima.jpg",
            "output_name": "fatima.jpg",
            "retention": [],
            "self_link": "https://www.googleapis.com/storage/v1/b/perrito-yorkie-enojon-storage-bucket/o/fatima.jpg",
            "source": "./fatima.jpg",
            "storage_class": "STANDARD",
            "temporary_hold": false,
            "timeouts": null
          },
          "sensitive_attributes": [],
          "private": "eyJlMmJmYjczMC1lY2FhLTExZTYtOGY4OC0zNDM2M2JjN2M0YzAiOnsiY3JlYXRlIjoyNDAwMDAwMDAwMDAsImRlbGV0ZSI6MjQwMDAwMDAwMDAwLCJ1cGRhdGUiOjI0MDAwMDAwMDAwMH19",
          "dependencies": [
            "google_storage_bucket.fatima_furiosa_bucket"
          ]
        }
      ]
    }
  ],
  "check_results": null
}
